
Microsoft Visual Studio Solution File, Format Version 12.00
# Visual Studio Version 17
VisualStudioVersion = 17.0.31919.166
MinimumVisualStudioVersion = 10.0.40219.1
Project("{9A19103F-16F7-4668-BE54-9A1E7A4F7556}") = "NuStack.CLI", "NuStack.CLI\NuStack.CLI.csproj", "{7DCBA545-B8F6-4468-A497-D6651BCBA9BE}"
EndProject
Project("{9A19103F-16F7-4668-BE54-9A1E7A4F7556}") = "NuStack.Core", "NuStack.Core\NuStack.Core.csproj", "{C9E7ADA0-5FAE-4A04-94AD-208881B6D691}"
EndProject
Project("{FAE04EC0-301F-11D3-BF4B-00C04F79EFBC}") = "NuStack.CoreTest", "NuStack.CoreTest\NuStack.CoreTest.csproj", "{FED5BDB6-87A8-4ED9-B42E-764FD98D8486}"
EndProject
Global
	GlobalSection(SolutionConfigurationPlatforms) = preSolution
		Debug|Any CPU = Debug|Any CPU
		Release|Any CPU = Release|Any CPU
	EndGlobalSection
	GlobalSection(ProjectConfigurationPlatforms) = postSolution
		{7DCBA545-B8F6-4468-A497-D6651BCBA9BE}.Debug|Any CPU.ActiveCfg = Debug|Any CPU
		{7DCBA545-B8F6-4468-A497-D6651BCBA9BE}.Debug|Any CPU.Build.0 = Debug|Any CPU
		{7DCBA545-B8F6-4468-A497-D6651BCBA9BE}.Release|Any CPU.ActiveCfg = Release|Any CPU
		{7DCBA545-B8F6-4468-A497-D6651BCBA9BE}.Release|Any CPU.Build.0 = Release|Any CPU
		{C9E7ADA0-5FAE-4A04-94AD-208881B6D691}.Debug|Any CPU.ActiveCfg = Debug|Any CPU
		{C9E7ADA0-5FAE-4A04-94AD-208881B6D691}.Debug|Any CPU.Build.0 = Debug|Any CPU
		{C9E7ADA0-5FAE-4A04-94AD-208881B6D691}.Release|Any CPU.ActiveCfg = Release|Any CPU
		{C9E7ADA0-5FAE-4A04-94AD-208881B6D691}.Release|Any CPU.Build.0 = Release|Any CPU
		{FED5BDB6-87A8-4ED9-B42E-764FD98D8486}.Debug|Any CPU.ActiveCfg = Debug|Any CPU
		{FED5BDB6-87A8-4ED9-B42E-764FD98D8486}.Debug|Any CPU.Build.0 = Debug|Any CPU
		{FED5BDB6-87A8-4ED9-B42E-764FD98D8486}.Release|Any CPU.ActiveCfg = Release|Any CPU
		{FED5BDB6-87A8-4ED9-B42E-764FD98D8486}.Release|Any CPU.Build.0 = Release|Any CPU
	EndGlobalSection
	GlobalSection(SolutionProperties) = preSolution
		HideSolutionNode = FALSE
	EndGlobalSection
	GlobalSection(ExtensibilityGlobals) = postSolution
		SolutionGuid = {42DA0757-225C-460A-9A33-097ABEE72516}
	EndGlobalSection
EndGlobal
